
Microsoft Visual Studio Solution File, Format Version 12.00
# Visual Studio Version 17
VisualStudioVersion = 17.10.35013.160
MinimumVisualStudioVersion = 10.0.40219.1
Project("{FAE04EC0-301F-11D3-BF4B-00C04F79EFBC}") = "backend", "backend.csproj", "{73FE6643-7209-4799-B09A-E0B84B44220F}"
EndProject
Global
	GlobalSection(SolutionConfigurationPlatforms) = preSolution
		Debug|Any CPU = Debug|Any CPU
		Release|Any CPU = Release|Any CPU
	EndGlobalSection
	GlobalSection(ProjectConfigurationPlatforms) = postSolution
		{73FE6643-7209-4799-B09A-E0B84B44220F}.Debug|Any CPU.ActiveCfg = Debug|Any CPU
		{73FE6643-7209-4799-B09A-E0B84B44220F}.Debug|Any CPU.Build.0 = Debug|Any CPU
		{73FE6643-7209-4799-B09A-E0B84B44220F}.Release|Any CPU.ActiveCfg = Release|Any CPU
		{73FE6643-7209-4799-B09A-E0B84B44220F}.Release|Any CPU.Build.0 = Release|Any CPU
	EndGlobalSection
	GlobalSection(SolutionProperties) = preSolution
		HideSolutionNode = FALSE
	EndGlobalSection
	GlobalSection(ExtensibilityGlobals) = postSolution
		SolutionGuid = {68C2B208-547A-40D5-ADD3-91CFEA2FC63A}
	EndGlobalSection
EndGlobal
